
Microsoft Visual Studio Solution File, Format Version 12.00
# Visual Studio 15
VisualStudioVersion = 15.0.28307.779
MinimumVisualStudioVersion = 10.0.40219.1
Project("{FAE04EC0-301F-11D3-BF4B-00C04F79EFBC}") = "HTTP5101_School_System", "HTTP5101_School_System\HTTP5101_School_System.csproj", "{15554336-7114-4542-814C-471EB45CA7E9}"
EndProject
Global
	GlobalSection(SolutionConfigurationPlatforms) = preSolution
		Debug|Any CPU = Debug|Any CPU
		Release|Any CPU = Release|Any CPU
	EndGlobalSection
	GlobalSection(ProjectConfigurationPlatforms) = postSolution
		{15554336-7114-4542-814C-471EB45CA7E9}.Debug|Any CPU.ActiveCfg = Debug|Any CPU
		{15554336-7114-4542-814C-471EB45CA7E9}.Debug|Any CPU.Build.0 = Debug|Any CPU
		{15554336-7114-4542-814C-471EB45CA7E9}.Release|Any CPU.ActiveCfg = Release|Any CPU
		{15554336-7114-4542-814C-471EB45CA7E9}.Release|Any CPU.Build.0 = Release|Any CPU
	EndGlobalSection
	GlobalSection(SolutionProperties) = preSolution
		HideSolutionNode = FALSE
	EndGlobalSection
	GlobalSection(ExtensibilityGlobals) = postSolution
		SolutionGuid = {511E7B3F-29E5-4E30-8348-27A7C7A336DC}
	EndGlobalSection
EndGlobal
